
Microsoft Visual Studio Solution File, Format Version 12.00
# Visual Studio Version 16
VisualStudioVersion = 16.0.29123.88
MinimumVisualStudioVersion = 10.0.40219.1
Project("{9A19103F-16F7-4668-BE54-9A1E7A4F7556}") = "veterinare.Common", "veterinare.Common\veterinare.Common.csproj", "{36ABF71C-7744-407A-A670-D82DD922AA6B}"
EndProject
Project("{9A19103F-16F7-4668-BE54-9A1E7A4F7556}") = "veterinare.Web", "veterinare.Web\veterinare.Web.csproj", "{D479BF57-73C7-4082-BA34-582CB869B76B}"
EndProject
Project("{FAE04EC0-301F-11D3-BF4B-00C04F79EFBC}") = "Veterinare.Prism", "Veterinare.Prism\Veterinare.Prism\Veterinare.Prism.csproj", "{0E1FDB0B-81BA-4125-840A-C73943EC11BA}"
EndProject
Project("{FAE04EC0-301F-11D3-BF4B-00C04F79EFBC}") = "Veterinare.Prism.Android", "Veterinare.Prism\Veterinare.Prism.Android\Veterinare.Prism.Android.csproj", "{26AF6000-3811-497A-BA4D-A049916AF645}"
EndProject
Project("{FAE04EC0-301F-11D3-BF4B-00C04F79EFBC}") = "Veterinare.Prism.iOS", "Veterinare.Prism\Veterinare.Prism.iOS\Veterinare.Prism.iOS.csproj", "{D40E326C-7DB9-4F31-B567-87F84693AECE}"
EndProject
Global
	GlobalSection(SolutionConfigurationPlatforms) = preSolution
		Ad-Hoc|Any CPU = Ad-Hoc|Any CPU
		Ad-Hoc|iPhone = Ad-Hoc|iPhone
		Ad-Hoc|iPhoneSimulator = Ad-Hoc|iPhoneSimulator
		AppStore|Any CPU = AppStore|Any CPU
		AppStore|iPhone = AppStore|iPhone
		AppStore|iPhoneSimulator = AppStore|iPhoneSimulator
		Debug|Any CPU = Debug|Any CPU
		Debug|iPhone = Debug|iPhone
		Debug|iPhoneSimulator = Debug|iPhoneSimulator
		Release|Any CPU = Release|Any CPU
		Release|iPhone = Release|iPhone
		Release|iPhoneSimulator = Release|iPhoneSimulator
	EndGlobalSection
	GlobalSection(ProjectConfigurationPlatforms) = postSolution
		{36ABF71C-7744-407A-A670-D82DD922AA6B}.Ad-Hoc|Any CPU.ActiveCfg = Release|Any CPU
		{36ABF71C-7744-407A-A670-D82DD922AA6B}.Ad-Hoc|Any CPU.Build.0 = Release|Any CPU
		{36ABF71C-7744-407A-A670-D82DD922AA6B}.Ad-Hoc|iPhone.ActiveCfg = Release|Any CPU
		{36ABF71C-7744-407A-A670-D82DD922AA6B}.Ad-Hoc|iPhone.Build.0 = Release|Any CPU
		{36ABF71C-7744-407A-A670-D82DD922AA6B}.Ad-Hoc|iPhoneSimulator.ActiveCfg = Release|Any CPU
		{36ABF71C-7744-407A-A670-D82DD922AA6B}.Ad-Hoc|iPhoneSimulator.Build.0 = Release|Any CPU
		{36ABF71C-7744-407A-A670-D82DD922AA6B}.AppStore|Any CPU.ActiveCfg = Release|Any CPU
		{36ABF71C-7744-407A-A670-D82DD922AA6B}.AppStore|Any CPU.Build.0 = Release|Any CPU
		{36ABF71C-7744-407A-A670-D82DD922AA6B}.AppStore|iPhone.ActiveCfg = Release|Any CPU
		{36ABF71C-7744-407A-A670-D82DD922AA6B}.AppStore|iPhone.Build.0 = Release|Any CPU
		{36ABF71C-7744-407A-A670-D82DD922AA6B}.AppStore|iPhoneSimulator.ActiveCfg = Release|Any CPU
		{36ABF71C-7744-407A-A670-D82DD922AA6B}.AppStore|iPhoneSimulator.Build.0 = Release|Any CPU
		{36ABF71C-7744-407A-A670-D82DD922AA6B}.Debug|Any CPU.ActiveCfg = Debug|Any CPU
		{36ABF71C-7744-407A-A670-D82DD922AA6B}.Debug|Any CPU.Build.0 = Debug|Any CPU
		{36ABF71C-7744-407A-A670-D82DD922AA6B}.Debug|iPhone.ActiveCfg = Debug|Any CPU
		{36ABF71C-7744-407A-A670-D82DD922AA6B}.Debug|iPhone.Build.0 = Debug|Any CPU
		{36ABF71C-7744-407A-A670-D82DD922AA6B}.Debug|iPhoneSimulator.ActiveCfg = Debug|Any CPU
		{36ABF71C-7744-407A-A670-D82DD922AA6B}.Debug|iPhoneSimulator.Build.0 = Debug|Any CPU
		{36ABF71C-7744-407A-A670-D82DD922AA6B}.Release|Any CPU.ActiveCfg = Release|Any CPU
		{36ABF71C-7744-407A-A670-D82DD922AA6B}.Release|Any CPU.Build.0 = Release|Any CPU
		{36ABF71C-7744-407A-A670-D82DD922AA6B}.Release|iPhone.ActiveCfg = Release|Any CPU
		{36ABF71C-7744-407A-A670-D82DD922AA6B}.Release|iPhone.Build.0 = Release|Any CPU
		{36ABF71C-7744-407A-A670-D82DD922AA6B}.Release|iPhoneSimulator.ActiveCfg = Release|Any CPU
		{36ABF71C-7744-407A-A670-D82DD922AA6B}.Release|iPhoneSimulator.Build.0 = Release|Any CPU
		{D479BF57-73C7-4082-BA34-582CB869B76B}.Ad-Hoc|Any CPU.ActiveCfg = Release|Any CPU
		{D479BF57-73C7-4082-BA34-582CB869B76B}.Ad-Hoc|Any CPU.Build.0 = Release|Any CPU
		{D479BF57-73C7-4082-BA34-582CB869B76B}.Ad-Hoc|iPhone.ActiveCfg = Release|Any CPU
		{D479BF57-73C7-4082-BA34-582CB869B76B}.Ad-Hoc|iPhone.Build.0 = Release|Any CPU
		{D479BF57-73C7-4082-BA34-582CB869B76B}.Ad-Hoc|iPhoneSimulator.ActiveCfg = Release|Any CPU
		{D479BF57-73C7-4082-BA34-582CB869B76B}.Ad-Hoc|iPhoneSimulator.Build.0 = Release|Any CPU
		{D479BF57-73C7-4082-BA34-582CB869B76B}.AppStore|Any CPU.ActiveCfg = Release|Any CPU
		{D479BF57-73C7-4082-BA34-582CB869B76B}.AppStore|Any CPU.Build.0 = Release|Any CPU
		{D479BF57-73C7-4082-BA34-582CB869B76B}.AppStore|iPhone.ActiveCfg = Release|Any CPU
		{D479BF57-73C7-4082-BA34-582CB869B76B}.AppStore|iPhone.Build.0 = Release|Any CPU
		{D479BF57-73C7-4082-BA34-582CB869B76B}.AppStore|iPhoneSimulator.ActiveCfg = Release|Any CPU
		{D479BF57-73C7-4082-BA34-582CB869B76B}.AppStore|iPhoneSimulator.Build.0 = Release|Any CPU
		{D479BF57-73C7-4082-BA34-582CB869B76B}.Debug|Any CPU.ActiveCfg = Debug|Any CPU
		{D479BF57-73C7-4082-BA34-582CB869B76B}.Debug|Any CPU.Build.0 = Debug|Any CPU
		{D479BF57-73C7-4082-BA34-582CB869B76B}.Debug|iPhone.ActiveCfg = Debug|Any CPU
		{D479BF57-73C7-4082-BA34-582CB869B76B}.Debug|iPhone.Build.0 = Debug|Any CPU
		{D479BF57-73C7-4082-BA34-582CB869B76B}.Debug|iPhoneSimulator.ActiveCfg = Debug|Any CPU
		{D479BF57-73C7-4082-BA34-582CB869B76B}.Debug|iPhoneSimulator.Build.0 = Debug|Any CPU
		{D479BF57-73C7-4082-BA34-582CB869B76B}.Release|Any CPU.ActiveCfg = Release|Any CPU
		{D479BF57-73C7-4082-BA34-582CB869B76B}.Release|Any CPU.Build.0 = Release|Any CPU
		{D479BF57-73C7-4082-BA34-582CB869B76B}.Release|iPhone.ActiveCfg = Release|Any CPU
		{D479BF57-73C7-4082-BA34-582CB869B76B}.Release|iPhone.Build.0 = Release|Any CPU
		{D479BF57-73C7-4082-BA34-582CB869B76B}.Release|iPhoneSimulator.ActiveCfg = Release|Any CPU
		{D479BF57-73C7-4082-BA34-582CB869B76B}.Release|iPhoneSimulator.Build.0 = Release|Any CPU
		{0E1FDB0B-81BA-4125-840A-C73943EC11BA}.Ad-Hoc|Any CPU.ActiveCfg = Debug|Any CPU
		{0E1FDB0B-81BA-4125-840A-C73943EC11BA}.Ad-Hoc|Any CPU.Build.0 = Debug|Any CPU
		{0E1FDB0B-81BA-4125-840A-C73943EC11BA}.Ad-Hoc|iPhone.ActiveCfg = Debug|Any CPU
		{0E1FDB0B-81BA-4125-840A-C73943EC11BA}.Ad-Hoc|iPhone.Build.0 = Debug|Any CPU
		{0E1FDB0B-81BA-4125-840A-C73943EC11BA}.Ad-Hoc|iPhoneSimulator.ActiveCfg = Debug|Any CPU
		{0E1FDB0B-81BA-4125-840A-C73943EC11BA}.Ad-Hoc|iPhoneSimulator.Build.0 = Debug|Any CPU
		{0E1FDB0B-81BA-4125-840A-C73943EC11BA}.AppStore|Any CPU.ActiveCfg = Debug|Any CPU
		{0E1FDB0B-81BA-4125-840A-C73943EC11BA}.AppStore|Any CPU.Build.0 = Debug|Any CPU
		{0E1FDB0B-81BA-4125-840A-C73943EC11BA}.AppStore|iPhone.ActiveCfg = Debug|Any CPU
		{0E1FDB0B-81BA-4125-840A-C73943EC11BA}.AppStore|iPhone.Build.0 = Debug|Any CPU
		{0E1FDB0B-81BA-4125-840A-C73943EC11BA}.AppStore|iPhoneSimulator.ActiveCfg = Debug|Any CPU
		{0E1FDB0B-81BA-4125-840A-C73943EC11BA}.AppStore|iPhoneSimulator.Build.0 = Debug|Any CPU
		{0E1FDB0B-81BA-4125-840A-C73943EC11BA}.Debug|Any CPU.ActiveCfg = Debug|Any CPU
		{0E1FDB0B-81BA-4125-840A-C73943EC11BA}.Debug|Any CPU.Build.0 = Debug|Any CPU
		{0E1FDB0B-81BA-4125-840A-C73943EC11BA}.Debug|iPhone.ActiveCfg = Debug|Any CPU
		{0E1FDB0B-81BA-4125-840A-C73943EC11BA}.Debug|iPhone.Build.0 = Debug|Any CPU
		{0E1FDB0B-81BA-4125-840A-C73943EC11BA}.Debug|iPhoneSimulator.ActiveCfg = Debug|Any CPU
		{0E1FDB0B-81BA-4125-840A-C73943EC11BA}.Debug|iPhoneSimulator.Build.0 = Debug|Any CPU
		{0E1FDB0B-81BA-4125-840A-C73943EC11BA}.Release|Any CPU.ActiveCfg = Release|Any CPU
		{0E1FDB0B-81BA-4125-840A-C73943EC11BA}.Release|Any CPU.Build.0 = Release|Any CPU
		{0E1FDB0B-81BA-4125-840A-C73943EC11BA}.Release|iPhone.ActiveCfg = Release|Any CPU
		{0E1FDB0B-81BA-4125-840A-C73943EC11BA}.Release|iPhone.Build.0 = Release|Any CPU
		{0E1FDB0B-81BA-4125-840A-C73943EC11BA}.Release|iPhoneSimulator.ActiveCfg = Release|Any CPU
		{0E1FDB0B-81BA-4125-840A-C73943EC11BA}.Release|iPhoneSimulator.Build.0 = Release|Any CPU
		{26AF6000-3811-497A-BA4D-A049916AF645}.Ad-Hoc|Any CPU.ActiveCfg = Release|Any CPU
		{26AF6000-3811-497A-BA4D-A049916AF645}.Ad-Hoc|Any CPU.Build.0 = Release|Any CPU
		{26AF6000-3811-497A-BA4D-A049916AF645}.Ad-Hoc|Any CPU.Deploy.0 = Release|Any CPU
		{26AF6000-3811-497A-BA4D-A049916AF645}.Ad-Hoc|iPhone.ActiveCfg = Release|Any CPU
		{26AF6000-3811-497A-BA4D-A049916AF645}.Ad-Hoc|iPhone.Build.0 = Release|Any CPU
		{26AF6000-3811-497A-BA4D-A049916AF645}.Ad-Hoc|iPhone.Deploy.0 = Release|Any CPU
		{26AF6000-3811-497A-BA4D-A049916AF645}.Ad-Hoc|iPhoneSimulator.ActiveCfg = Release|Any CPU
		{26AF6000-3811-497A-BA4D-A049916AF645}.Ad-Hoc|iPhoneSimulator.Build.0 = Release|Any CPU
		{26AF6000-3811-497A-BA4D-A049916AF645}.Ad-Hoc|iPhoneSimulator.Deploy.0 = Release|Any CPU
		{26AF6000-3811-497A-BA4D-A049916AF645}.AppStore|Any CPU.ActiveCfg = Release|Any CPU
		{26AF6000-3811-497A-BA4D-A049916AF645}.AppStore|Any CPU.Build.0 = Release|Any CPU
		{26AF6000-3811-497A-BA4D-A049916AF645}.AppStore|Any CPU.Deploy.0 = Release|Any CPU
		{26AF6000-3811-497A-BA4D-A049916AF645}.AppStore|iPhone.ActiveCfg = Release|Any CPU
		{26AF6000-3811-497A-BA4D-A049916AF645}.AppStore|iPhone.Build.0 = Release|Any CPU
		{26AF6000-3811-497A-BA4D-A049916AF645}.AppStore|iPhone.Deploy.0 = Release|Any CPU
		{26AF6000-3811-497A-BA4D-A049916AF645}.AppStore|iPhoneSimulator.ActiveCfg = Release|Any CPU
		{26AF6000-3811-497A-BA4D-A049916AF645}.AppStore|iPhoneSimulator.Build.0 = Release|Any CPU
		{26AF6000-3811-497A-BA4D-A049916AF645}.AppStore|iPhoneSimulator.Deploy.0 = Release|Any CPU
		{26AF6000-3811-497A-BA4D-A049916AF645}.Debug|Any CPU.ActiveCfg = Debug|Any CPU
		{26AF6000-3811-497A-BA4D-A049916AF645}.Debug|Any CPU.Build.0 = Debug|Any CPU
		{26AF6000-3811-497A-BA4D-A049916AF645}.Debug|Any CPU.Deploy.0 = Debug|Any CPU
		{26AF6000-3811-497A-BA4D-A049916AF645}.Debug|iPhone.ActiveCfg = Debug|Any CPU
		{26AF6000-3811-497A-BA4D-A049916AF645}.Debug|iPhone.Build.0 = Debug|Any CPU
		{26AF6000-3811-497A-BA4D-A049916AF645}.Debug|iPhone.Deploy.0 = Debug|Any CPU
		{26AF6000-3811-497A-BA4D-A049916AF645}.Debug|iPhoneSimulator.ActiveCfg = Debug|Any CPU
		{26AF6000-3811-497A-BA4D-A049916AF645}.Debug|iPhoneSimulator.Build.0 = Debug|Any CPU
		{26AF6000-3811-497A-BA4D-A049916AF645}.Debug|iPhoneSimulator.Deploy.0 = Debug|Any CPU
		{26AF6000-3811-497A-BA4D-A049916AF645}.Release|Any CPU.ActiveCfg = Release|Any CPU
		{26AF6000-3811-497A-BA4D-A049916AF645}.Release|Any CPU.Build.0 = Release|Any CPU
		{26AF6000-3811-497A-BA4D-A049916AF645}.Release|Any CPU.Deploy.0 = Release|Any CPU
		{26AF6000-3811-497A-BA4D-A049916AF645}.Release|iPhone.ActiveCfg = Release|Any CPU
		{26AF6000-3811-497A-BA4D-A049916AF645}.Release|iPhone.Build.0 = Release|Any CPU
		{26AF6000-3811-497A-BA4D-A049916AF645}.Release|iPhone.Deploy.0 = Release|Any CPU
		{26AF6000-3811-497A-BA4D-A049916AF645}.Release|iPhoneSimulator.ActiveCfg = Release|Any CPU
		{26AF6000-3811-497A-BA4D-A049916AF645}.Release|iPhoneSimulator.Build.0 = Release|Any CPU
		{26AF6000-3811-497A-BA4D-A049916AF645}.Release|iPhoneSimulator.Deploy.0 = Release|Any CPU
		{D40E326C-7DB9-4F31-B567-87F84693AECE}.Ad-Hoc|Any CPU.ActiveCfg = Ad-Hoc|iPhone
		{D40E326C-7DB9-4F31-B567-87F84693AECE}.Ad-Hoc|iPhone.ActiveCfg = Ad-Hoc|iPhone
		{D40E326C-7DB9-4F31-B567-87F84693AECE}.Ad-Hoc|iPhone.Build.0 = Ad-Hoc|iPhone
		{D40E326C-7DB9-4F31-B567-87F84693AECE}.Ad-Hoc|iPhoneSimulator.ActiveCfg = Ad-Hoc|iPhoneSimulator
		{D40E326C-7DB9-4F31-B567-87F84693AECE}.Ad-Hoc|iPhoneSimulator.Build.0 = Ad-Hoc|iPhoneSimulator
		{D40E326C-7DB9-4F31-B567-87F84693AECE}.AppStore|Any CPU.ActiveCfg = AppStore|iPhone
		{D40E326C-7DB9-4F31-B567-87F84693AECE}.AppStore|iPhone.ActiveCfg = AppStore|iPhone
		{D40E326C-7DB9-4F31-B567-87F84693AECE}.AppStore|iPhone.Build.0 = AppStore|iPhone
		{D40E326C-7DB9-4F31-B567-87F84693AECE}.AppStore|iPhoneSimulator.ActiveCfg = AppStore|iPhoneSimulator
		{D40E326C-7DB9-4F31-B567-87F84693AECE}.AppStore|iPhoneSimulator.Build.0 = AppStore|iPhoneSimulator
		{D40E326C-7DB9-4F31-B567-87F84693AECE}.Debug|Any CPU.ActiveCfg = Debug|iPhone
		{D40E326C-7DB9-4F31-B567-87F84693AECE}.Debug|iPhone.ActiveCfg = Debug|iPhone
		{D40E326C-7DB9-4F31-B567-87F84693AECE}.Debug|iPhone.Build.0 = Debug|iPhone
		{D40E326C-7DB9-4F31-B567-87F84693AECE}.Debug|iPhoneSimulator.ActiveCfg = Debug|iPhoneSimulator
		{D40E326C-7DB9-4F31-B567-87F84693AECE}.Debug|iPhoneSimulator.Build.0 = Debug|iPhoneSimulator
		{D40E326C-7DB9-4F31-B567-87F84693AECE}.Release|Any CPU.ActiveCfg = Release|iPhone
		{D40E326C-7DB9-4F31-B567-87F84693AECE}.Release|iPhone.ActiveCfg = Release|iPhone
		{D40E326C-7DB9-4F31-B567-87F84693AECE}.Release|iPhone.Build.0 = Release|iPhone
		{D40E326C-7DB9-4F31-B567-87F84693AECE}.Release|iPhoneSimulator.ActiveCfg = Release|iPhoneSimulator
		{D40E326C-7DB9-4F31-B567-87F84693AECE}.Release|iPhoneSimulator.Build.0 = Release|iPhoneSimulator
	EndGlobalSection
	GlobalSection(SolutionProperties) = preSolution
		HideSolutionNode = FALSE
	EndGlobalSection
	GlobalSection(ExtensibilityGlobals) = postSolution
		SolutionGuid = {32E0B44C-6F03-4657-9353-A066FC9B8DE9}
	EndGlobalSection
EndGlobal
